// !$*UTF8*$!
{
	archiveVersion = 1;
	classes = {
	};
	objectVersion = 55;
	objects = {

/* Begin PBXBuildFile section */
		254779A029A915D700443390 /* AppDelegate.swift in Sources */ = {isa = PBXBuildFile; fileRef = 2547799F29A915D700443390 /* AppDelegate.swift */; };
		254779A429A915D700443390 /* ViewController.swift in Sources */ = {isa = PBXBuildFile; fileRef = 254779A329A915D700443390 /* ViewController.swift */; };
		254779A729A915D700443390 /* Main.storyboard in Resources */ = {isa = PBXBuildFile; fileRef = 254779A529A915D700443390 /* Main.storyboard */; };
		254779A929A915DB00443390 /* Assets.xcassets in Resources */ = {isa = PBXBuildFile; fileRef = 254779A829A915DB00443390 /* Assets.xcassets */; };
		254779AC29A915DB00443390 /* LaunchScreen.storyboard in Resources */ = {isa = PBXBuildFile; fileRef = 254779AA29A915DB00443390 /* LaunchScreen.storyboard */; };
		254779B729A915DB00443390 /* DoggoTests.swift in Sources */ = {isa = PBXBuildFile; fileRef = 254779B629A915DB00443390 /* DoggoTests.swift */; };
		254779C129A915DB00443390 /* DoggoUITests.swift in Sources */ = {isa = PBXBuildFile; fileRef = 254779C029A915DB00443390 /* DoggoUITests.swift */; };
		254779C329A915DB00443390 /* DoggoUITestsLaunchTests.swift in Sources */ = {isa = PBXBuildFile; fileRef = 254779C229A915DB00443390 /* DoggoUITestsLaunchTests.swift */; };
		254779D229A916B900443390 /* HomeViewController.swift in Sources */ = {isa = PBXBuildFile; fileRef = 254779D129A916B900443390 /* HomeViewController.swift */; };
		254779D429A9174600443390 /* HomeInteractor.swift in Sources */ = {isa = PBXBuildFile; fileRef = 254779D329A9174600443390 /* HomeInteractor.swift */; };
		254779D629A9175500443390 /* HomePresenter.swift in Sources */ = {isa = PBXBuildFile; fileRef = 254779D529A9175500443390 /* HomePresenter.swift */; };
		254779D829A91A0A00443390 /* HomeFactory.swift in Sources */ = {isa = PBXBuildFile; fileRef = 254779D729A91A0A00443390 /* HomeFactory.swift */; };
		254779DA29A91A1D00443390 /* HomeRouter.swift in Sources */ = {isa = PBXBuildFile; fileRef = 254779D929A91A1D00443390 /* HomeRouter.swift */; };
		254779DC29A91A3000443390 /* HomeModel.swift in Sources */ = {isa = PBXBuildFile; fileRef = 254779DB29A91A3000443390 /* HomeModel.swift */; };
		254779DE29A91A4400443390 /* HomeView.swift in Sources */ = {isa = PBXBuildFile; fileRef = 254779DD29A91A4400443390 /* HomeView.swift */; };
		254779E629A91ECE00443390 /* Network.swift in Sources */ = {isa = PBXBuildFile; fileRef = 254779E529A91ECE00443390 /* Network.swift */; };
		254779E829A91EF200443390 /* Constraints.swift in Sources */ = {isa = PBXBuildFile; fileRef = 254779E729A91EF200443390 /* Constraints.swift */; };
		254779EF29A94F0800443390 /* DoggoListFactory.swift in Sources */ = {isa = PBXBuildFile; fileRef = 254779EE29A94F0800443390 /* DoggoListFactory.swift */; };
		254779F129A94F5800443390 /* DoggoListViewController.swift in Sources */ = {isa = PBXBuildFile; fileRef = 254779F029A94F5800443390 /* DoggoListViewController.swift */; };
		254779F629A9501D00443390 /* DoggoListCollectionCell.swift in Sources */ = {isa = PBXBuildFile; fileRef = 254779F529A9501D00443390 /* DoggoListCollectionCell.swift */; };
		254779F829A9548900443390 /* DoggoListModel.swift in Sources */ = {isa = PBXBuildFile; fileRef = 254779F729A9548900443390 /* DoggoListModel.swift */; };
		254779FA29A95B0D00443390 /* DoggoListInteractor.swift in Sources */ = {isa = PBXBuildFile; fileRef = 254779F929A95B0D00443390 /* DoggoListInteractor.swift */; };
		254779FC29A95B1700443390 /* DoggoListPresenter.swift in Sources */ = {isa = PBXBuildFile; fileRef = 254779FB29A95B1700443390 /* DoggoListPresenter.swift */; };
		254779FE29A95B2300443390 /* DoggoListWorker.swift in Sources */ = {isa = PBXBuildFile; fileRef = 254779FD29A95B2300443390 /* DoggoListWorker.swift */; };
		25477A0029A9715A00443390 /* DoggoListRouter.swift in Sources */ = {isa = PBXBuildFile; fileRef = 254779FF29A9715A00443390 /* DoggoListRouter.swift */; };
		2568916329AA827900CDA17A /* DoggoSearchViewController.swift in Sources */ = {isa = PBXBuildFile; fileRef = 2568916229AA827900CDA17A /* DoggoSearchViewController.swift */; };
		2568916529AA82A200CDA17A /* DoggoSearchInteractor.swift in Sources */ = {isa = PBXBuildFile; fileRef = 2568916429AA82A200CDA17A /* DoggoSearchInteractor.swift */; };
		2568916729AA82A900CDA17A /* DoggoSearchPresenter.swift in Sources */ = {isa = PBXBuildFile; fileRef = 2568916629AA82A900CDA17A /* DoggoSearchPresenter.swift */; };
		2568916929AA82B700CDA17A /* DoggoSearchFactory.swift in Sources */ = {isa = PBXBuildFile; fileRef = 2568916829AA82B700CDA17A /* DoggoSearchFactory.swift */; };
		2568916B29AA82C000CDA17A /* DoggoSearchWorker.swift in Sources */ = {isa = PBXBuildFile; fileRef = 2568916A29AA82C000CDA17A /* DoggoSearchWorker.swift */; };
		2568916D29AA84F600CDA17A /* UITableView+Extensions.swift in Sources */ = {isa = PBXBuildFile; fileRef = 2568916C29AA84F500CDA17A /* UITableView+Extensions.swift */; };
		2568916F29AA86FC00CDA17A /* DoggoSearchModels.swift in Sources */ = {isa = PBXBuildFile; fileRef = 2568916E29AA86FC00CDA17A /* DoggoSearchModels.swift */; };
		2568917129AA90CB00CDA17A /* DoggoSearchRouter.swift in Sources */ = {isa = PBXBuildFile; fileRef = 2568917029AA90CB00CDA17A /* DoggoSearchRouter.swift */; };
		2568917429AAAE3800CDA17A /* DoggoSearchTableViewCell.swift in Sources */ = {isa = PBXBuildFile; fileRef = 2568917329AAAE3800CDA17A /* DoggoSearchTableViewCell.swift */; };
		2568917629AAB06B00CDA17A /* String+Extensions.swift in Sources */ = {isa = PBXBuildFile; fileRef = 2568917529AAB06B00CDA17A /* String+Extensions.swift */; };
		2568917829AAB8EE00CDA17A /* UIViewController+Extensions.swift in Sources */ = {isa = PBXBuildFile; fileRef = 2568917729AAB8EE00CDA17A /* UIViewController+Extensions.swift */; };
		2568917A29AB05D800CDA17A /* DoggoDetailsViewController.swift in Sources */ = {isa = PBXBuildFile; fileRef = 2568917929AB05D800CDA17A /* DoggoDetailsViewController.swift */; };
		2568917D29AB05F700CDA17A /* DoggoDetailsFactory.swift in Sources */ = {isa = PBXBuildFile; fileRef = 2568917C29AB05F700CDA17A /* DoggoDetailsFactory.swift */; };
		2568917F29AB060200CDA17A /* DoggoDetailsInteractor.swift in Sources */ = {isa = PBXBuildFile; fileRef = 2568917E29AB060200CDA17A /* DoggoDetailsInteractor.swift */; };
		2568918129AB060A00CDA17A /* DoggoDetailsPresenter.swift in Sources */ = {isa = PBXBuildFile; fileRef = 2568918029AB060A00CDA17A /* DoggoDetailsPresenter.swift */; };
		2568918329AB0B3D00CDA17A /* DoggoDetaisModel.swift in Sources */ = {isa = PBXBuildFile; fileRef = 2568918229AB0B3D00CDA17A /* DoggoDetaisModel.swift */; };
/* End PBXBuildFile section */

/* Begin PBXContainerItemProxy section */
		254779B329A915DB00443390 /* PBXContainerItemProxy */ = {
			isa = PBXContainerItemProxy;
			containerPortal = 2547799429A915D700443390 /* Project object */;
			proxyType = 1;
			remoteGlobalIDString = 2547799B29A915D700443390;
			remoteInfo = Doggo;
		};
		254779BD29A915DB00443390 /* PBXContainerItemProxy */ = {
			isa = PBXContainerItemProxy;
			containerPortal = 2547799429A915D700443390 /* Project object */;
			proxyType = 1;
			remoteGlobalIDString = 2547799B29A915D700443390;
			remoteInfo = Doggo;
		};
/* End PBXContainerItemProxy section */

/* Begin PBXFileReference section */
		2547799C29A915D700443390 /* Doggo.app */ = {isa = PBXFileReference; explicitFileType = wrapper.application; includeInIndex = 0; path = Doggo.app; sourceTree = BUILT_PRODUCTS_DIR; };
		2547799F29A915D700443390 /* AppDelegate.swift */ = {isa = PBXFileReference; lastKnownFileType = sourcecode.swift; path = AppDelegate.swift; sourceTree = "<group>"; };
		254779A329A915D700443390 /* ViewController.swift */ = {isa = PBXFileReference; lastKnownFileType = sourcecode.swift; path = ViewController.swift; sourceTree = "<group>"; };
		254779A629A915D700443390 /* Base */ = {isa = PBXFileReference; lastKnownFileType = file.storyboard; name = Base; path = Base.lproj/Main.storyboard; sourceTree = "<group>"; };
		254779A829A915DB00443390 /* Assets.xcassets */ = {isa = PBXFileReference; lastKnownFileType = folder.assetcatalog; path = Assets.xcassets; sourceTree = "<group>"; };
		254779AB29A915DB00443390 /* Base */ = {isa = PBXFileReference; lastKnownFileType = file.storyboard; name = Base; path = Base.lproj/LaunchScreen.storyboard; sourceTree = "<group>"; };
		254779AD29A915DB00443390 /* Info.plist */ = {isa = PBXFileReference; lastKnownFileType = text.plist.xml; path = Info.plist; sourceTree = "<group>"; };
		254779B229A915DB00443390 /* DoggoTests.xctest */ = {isa = PBXFileReference; explicitFileType = wrapper.cfbundle; includeInIndex = 0; path = DoggoTests.xctest; sourceTree = BUILT_PRODUCTS_DIR; };
		254779B629A915DB00443390 /* DoggoTests.swift */ = {isa = PBXFileReference; lastKnownFileType = sourcecode.swift; path = DoggoTests.swift; sourceTree = "<group>"; };
		254779BC29A915DB00443390 /* DoggoUITests.xctest */ = {isa = PBXFileReference; explicitFileType = wrapper.cfbundle; includeInIndex = 0; path = DoggoUITests.xctest; sourceTree = BUILT_PRODUCTS_DIR; };
		254779C029A915DB00443390 /* DoggoUITests.swift */ = {isa = PBXFileReference; lastKnownFileType = sourcecode.swift; path = DoggoUITests.swift; sourceTree = "<group>"; };
		254779C229A915DB00443390 /* DoggoUITestsLaunchTests.swift */ = {isa = PBXFileReference; lastKnownFileType = sourcecode.swift; path = DoggoUITestsLaunchTests.swift; sourceTree = "<group>"; };
		254779D129A916B900443390 /* HomeViewController.swift */ = {isa = PBXFileReference; lastKnownFileType = sourcecode.swift; path = HomeViewController.swift; sourceTree = "<group>"; };
		254779D329A9174600443390 /* HomeInteractor.swift */ = {isa = PBXFileReference; lastKnownFileType = sourcecode.swift; path = HomeInteractor.swift; sourceTree = "<group>"; };
		254779D529A9175500443390 /* HomePresenter.swift */ = {isa = PBXFileReference; lastKnownFileType = sourcecode.swift; path = HomePresenter.swift; sourceTree = "<group>"; };
		254779D729A91A0A00443390 /* HomeFactory.swift */ = {isa = PBXFileReference; lastKnownFileType = sourcecode.swift; path = HomeFactory.swift; sourceTree = "<group>"; };
		254779D929A91A1D00443390 /* HomeRouter.swift */ = {isa = PBXFileReference; lastKnownFileType = sourcecode.swift; path = HomeRouter.swift; sourceTree = "<group>"; };
		254779DB29A91A3000443390 /* HomeModel.swift */ = {isa = PBXFileReference; lastKnownFileType = sourcecode.swift; path = HomeModel.swift; sourceTree = "<group>"; };
		254779DD29A91A4400443390 /* HomeView.swift */ = {isa = PBXFileReference; lastKnownFileType = sourcecode.swift; path = HomeView.swift; sourceTree = "<group>"; };
		254779E529A91ECE00443390 /* Network.swift */ = {isa = PBXFileReference; lastKnownFileType = sourcecode.swift; path = Network.swift; sourceTree = "<group>"; };
		254779E729A91EF200443390 /* Constraints.swift */ = {isa = PBXFileReference; lastKnownFileType = sourcecode.swift; path = Constraints.swift; sourceTree = "<group>"; };
		254779EE29A94F0800443390 /* DoggoListFactory.swift */ = {isa = PBXFileReference; lastKnownFileType = sourcecode.swift; path = DoggoListFactory.swift; sourceTree = "<group>"; };
		254779F029A94F5800443390 /* DoggoListViewController.swift */ = {isa = PBXFileReference; lastKnownFileType = sourcecode.swift; path = DoggoListViewController.swift; sourceTree = "<group>"; };
		254779F529A9501D00443390 /* DoggoListCollectionCell.swift */ = {isa = PBXFileReference; lastKnownFileType = sourcecode.swift; path = DoggoListCollectionCell.swift; sourceTree = "<group>"; };
		254779F729A9548900443390 /* DoggoListModel.swift */ = {isa = PBXFileReference; lastKnownFileType = sourcecode.swift; path = DoggoListModel.swift; sourceTree = "<group>"; };
		254779F929A95B0D00443390 /* DoggoListInteractor.swift */ = {isa = PBXFileReference; lastKnownFileType = sourcecode.swift; path = DoggoListInteractor.swift; sourceTree = "<group>"; };
		254779FB29A95B1700443390 /* DoggoListPresenter.swift */ = {isa = PBXFileReference; lastKnownFileType = sourcecode.swift; path = DoggoListPresenter.swift; sourceTree = "<group>"; };
		254779FD29A95B2300443390 /* DoggoListWorker.swift */ = {isa = PBXFileReference; lastKnownFileType = sourcecode.swift; path = DoggoListWorker.swift; sourceTree = "<group>"; };
		254779FF29A9715A00443390 /* DoggoListRouter.swift */ = {isa = PBXFileReference; lastKnownFileType = sourcecode.swift; path = DoggoListRouter.swift; sourceTree = "<group>"; };
		2568916229AA827900CDA17A /* DoggoSearchViewController.swift */ = {isa = PBXFileReference; lastKnownFileType = sourcecode.swift; path = DoggoSearchViewController.swift; sourceTree = "<group>"; };
		2568916429AA82A200CDA17A /* DoggoSearchInteractor.swift */ = {isa = PBXFileReference; lastKnownFileType = sourcecode.swift; path = DoggoSearchInteractor.swift; sourceTree = "<group>"; };
		2568916629AA82A900CDA17A /* DoggoSearchPresenter.swift */ = {isa = PBXFileReference; lastKnownFileType = sourcecode.swift; path = DoggoSearchPresenter.swift; sourceTree = "<group>"; };
		2568916829AA82B700CDA17A /* DoggoSearchFactory.swift */ = {isa = PBXFileReference; lastKnownFileType = sourcecode.swift; path = DoggoSearchFactory.swift; sourceTree = "<group>"; };
		2568916A29AA82C000CDA17A /* DoggoSearchWorker.swift */ = {isa = PBXFileReference; lastKnownFileType = sourcecode.swift; path = DoggoSearchWorker.swift; sourceTree = "<group>"; };
		2568916C29AA84F500CDA17A /* UITableView+Extensions.swift */ = {isa = PBXFileReference; lastKnownFileType = sourcecode.swift; path = "UITableView+Extensions.swift"; sourceTree = "<group>"; };
		2568916E29AA86FC00CDA17A /* DoggoSearchModels.swift */ = {isa = PBXFileReference; lastKnownFileType = sourcecode.swift; path = DoggoSearchModels.swift; sourceTree = "<group>"; };
		2568917029AA90CB00CDA17A /* DoggoSearchRouter.swift */ = {isa = PBXFileReference; lastKnownFileType = sourcecode.swift; path = DoggoSearchRouter.swift; sourceTree = "<group>"; };
		2568917329AAAE3800CDA17A /* DoggoSearchTableViewCell.swift */ = {isa = PBXFileReference; lastKnownFileType = sourcecode.swift; path = DoggoSearchTableViewCell.swift; sourceTree = "<group>"; };
		2568917529AAB06B00CDA17A /* String+Extensions.swift */ = {isa = PBXFileReference; lastKnownFileType = sourcecode.swift; path = "String+Extensions.swift"; sourceTree = "<group>"; };
		2568917729AAB8EE00CDA17A /* UIViewController+Extensions.swift */ = {isa = PBXFileReference; lastKnownFileType = sourcecode.swift; path = "UIViewController+Extensions.swift"; sourceTree = "<group>"; };
		2568917929AB05D800CDA17A /* DoggoDetailsViewController.swift */ = {isa = PBXFileReference; lastKnownFileType = sourcecode.swift; path = DoggoDetailsViewController.swift; sourceTree = "<group>"; };
		2568917C29AB05F700CDA17A /* DoggoDetailsFactory.swift */ = {isa = PBXFileReference; lastKnownFileType = sourcecode.swift; path = DoggoDetailsFactory.swift; sourceTree = "<group>"; };
		2568917E29AB060200CDA17A /* DoggoDetailsInteractor.swift */ = {isa = PBXFileReference; lastKnownFileType = sourcecode.swift; path = DoggoDetailsInteractor.swift; sourceTree = "<group>"; };
		2568918029AB060A00CDA17A /* DoggoDetailsPresenter.swift */ = {isa = PBXFileReference; lastKnownFileType = sourcecode.swift; path = DoggoDetailsPresenter.swift; sourceTree = "<group>"; };
		2568918229AB0B3D00CDA17A /* DoggoDetaisModel.swift */ = {isa = PBXFileReference; lastKnownFileType = sourcecode.swift; path = DoggoDetaisModel.swift; sourceTree = "<group>"; };
/* End PBXFileReference section */

/* Begin PBXFrameworksBuildPhase section */
		2547799929A915D700443390 /* Frameworks */ = {
			isa = PBXFrameworksBuildPhase;
			buildActionMask = 2147483647;
			files = (
			);
			runOnlyForDeploymentPostprocessing = 0;
		};
		254779AF29A915DB00443390 /* Frameworks */ = {
			isa = PBXFrameworksBuildPhase;
			buildActionMask = 2147483647;
			files = (
			);
			runOnlyForDeploymentPostprocessing = 0;
		};
		254779B929A915DB00443390 /* Frameworks */ = {
			isa = PBXFrameworksBuildPhase;
			buildActionMask = 2147483647;
			files = (
			);
			runOnlyForDeploymentPostprocessing = 0;
		};
/* End PBXFrameworksBuildPhase section */

/* Begin PBXGroup section */
		2547799329A915D700443390 = {
			isa = PBXGroup;
			children = (
				2547799E29A915D700443390 /* Doggo */,
				254779B529A915DB00443390 /* DoggoTests */,
				254779BF29A915DB00443390 /* DoggoUITests */,
				2547799D29A915D700443390 /* Products */,
				E890F8A833F7E195B995AEDB /* Pods */,
			);
			sourceTree = "<group>";
		};
		2547799D29A915D700443390 /* Products */ = {
			isa = PBXGroup;
			children = (
				2547799C29A915D700443390 /* Doggo.app */,
				254779B229A915DB00443390 /* DoggoTests.xctest */,
				254779BC29A915DB00443390 /* DoggoUITests.xctest */,
			);
			name = Products;
			sourceTree = "<group>";
		};
		2547799E29A915D700443390 /* Doggo */ = {
			isa = PBXGroup;
			children = (
				2568916029AA4CDF00CDA17A /* Extensions */,
				254779E429A91EBC00443390 /* Components */,
				254779CF29A9169100443390 /* App */,
				2547799F29A915D700443390 /* AppDelegate.swift */,
				254779A329A915D700443390 /* ViewController.swift */,
				254779A529A915D700443390 /* Main.storyboard */,
				254779A829A915DB00443390 /* Assets.xcassets */,
				254779AA29A915DB00443390 /* LaunchScreen.storyboard */,
				254779AD29A915DB00443390 /* Info.plist */,
			);
			path = Doggo;
			sourceTree = "<group>";
		};
		254779B529A915DB00443390 /* DoggoTests */ = {
			isa = PBXGroup;
			children = (
				254779B629A915DB00443390 /* DoggoTests.swift */,
			);
			path = DoggoTests;
			sourceTree = "<group>";
		};
		254779BF29A915DB00443390 /* DoggoUITests */ = {
			isa = PBXGroup;
			children = (
				254779C029A915DB00443390 /* DoggoUITests.swift */,
				254779C229A915DB00443390 /* DoggoUITestsLaunchTests.swift */,
			);
			path = DoggoUITests;
			sourceTree = "<group>";
		};
		254779CF29A9169100443390 /* App */ = {
			isa = PBXGroup;
			children = (
				2568917B29AB05DE00CDA17A /* DoggoDetails */,
				2568916129AA81B400CDA17A /* DoggoSearch */,
				254779ED29A94EED00443390 /* DoggoList */,
				254779D029A9169E00443390 /* Home */,
			);
			path = App;
			sourceTree = "<group>";
		};
		254779D029A9169E00443390 /* Home */ = {
			isa = PBXGroup;
			children = (
				254779D129A916B900443390 /* HomeViewController.swift */,
				254779D329A9174600443390 /* HomeInteractor.swift */,
				254779D529A9175500443390 /* HomePresenter.swift */,
				254779D729A91A0A00443390 /* HomeFactory.swift */,
				254779D929A91A1D00443390 /* HomeRouter.swift */,
				254779DB29A91A3000443390 /* HomeModel.swift */,
				254779DD29A91A4400443390 /* HomeView.swift */,
			);
			path = Home;
			sourceTree = "<group>";
		};
		254779E429A91EBC00443390 /* Components */ = {
			isa = PBXGroup;
			children = (
				254779E529A91ECE00443390 /* Network.swift */,
				254779E729A91EF200443390 /* Constraints.swift */,
			);
			path = Components;
			sourceTree = "<group>";
		};
		254779ED29A94EED00443390 /* DoggoList */ = {
			isa = PBXGroup;
			children = (
				254779F229A94FFC00443390 /* Cells */,
				254779EE29A94F0800443390 /* DoggoListFactory.swift */,
				254779F029A94F5800443390 /* DoggoListViewController.swift */,
				254779F729A9548900443390 /* DoggoListModel.swift */,
				254779F929A95B0D00443390 /* DoggoListInteractor.swift */,
				254779FB29A95B1700443390 /* DoggoListPresenter.swift */,
				254779FF29A9715A00443390 /* DoggoListRouter.swift */,
				254779FD29A95B2300443390 /* DoggoListWorker.swift */,
			);
			path = DoggoList;
			sourceTree = "<group>";
		};
		254779F229A94FFC00443390 /* Cells */ = {
			isa = PBXGroup;
			children = (
				254779F529A9501D00443390 /* DoggoListCollectionCell.swift */,
			);
			path = Cells;
			sourceTree = "<group>";
		};
		2568916029AA4CDF00CDA17A /* Extensions */ = {
			isa = PBXGroup;
			children = (
				2568916C29AA84F500CDA17A /* UITableView+Extensions.swift */,
				2568917529AAB06B00CDA17A /* String+Extensions.swift */,
				2568917729AAB8EE00CDA17A /* UIViewController+Extensions.swift */,
			);
			path = Extensions;
			sourceTree = "<group>";
		};
		2568916129AA81B400CDA17A /* DoggoSearch */ = {
			isa = PBXGroup;
			children = (
				2568917229AAAE1600CDA17A /* Cells */,
				2568916229AA827900CDA17A /* DoggoSearchViewController.swift */,
				2568916429AA82A200CDA17A /* DoggoSearchInteractor.swift */,
				2568916629AA82A900CDA17A /* DoggoSearchPresenter.swift */,
				2568916829AA82B700CDA17A /* DoggoSearchFactory.swift */,
				2568916A29AA82C000CDA17A /* DoggoSearchWorker.swift */,
				2568916E29AA86FC00CDA17A /* DoggoSearchModels.swift */,
				2568917029AA90CB00CDA17A /* DoggoSearchRouter.swift */,
			);
			path = DoggoSearch;
			sourceTree = "<group>";
		};
		2568917229AAAE1600CDA17A /* Cells */ = {
			isa = PBXGroup;
			children = (
				2568917329AAAE3800CDA17A /* DoggoSearchTableViewCell.swift */,
			);
			path = Cells;
			sourceTree = "<group>";
		};
		2568917B29AB05DE00CDA17A /* DoggoDetails */ = {
			isa = PBXGroup;
			children = (
				2568917929AB05D800CDA17A /* DoggoDetailsViewController.swift */,
				2568917C29AB05F700CDA17A /* DoggoDetailsFactory.swift */,
				2568917E29AB060200CDA17A /* DoggoDetailsInteractor.swift */,
				2568918029AB060A00CDA17A /* DoggoDetailsPresenter.swift */,
				2568918229AB0B3D00CDA17A /* DoggoDetaisModel.swift */,
			);
			path = DoggoDetails;
			sourceTree = "<group>";
		};
		E890F8A833F7E195B995AEDB /* Pods */ = {
			isa = PBXGroup;
			children = (
			);
			path = Pods;
			sourceTree = "<group>";
		};
/* End PBXGroup section */

/* Begin PBXNativeTarget section */
		2547799B29A915D700443390 /* Doggo */ = {
			isa = PBXNativeTarget;
			buildConfigurationList = 254779C629A915DB00443390 /* Build configuration list for PBXNativeTarget "Doggo" */;
			buildPhases = (
				2547799829A915D700443390 /* Sources */,
				2547799929A915D700443390 /* Frameworks */,
				2547799A29A915D700443390 /* Resources */,
			);
			buildRules = (
			);
			dependencies = (
			);
			name = Doggo;
			productName = Doggo;
			productReference = 2547799C29A915D700443390 /* Doggo.app */;
			productType = "com.apple.product-type.application";
		};
		254779B129A915DB00443390 /* DoggoTests */ = {
			isa = PBXNativeTarget;
			buildConfigurationList = 254779C929A915DB00443390 /* Build configuration list for PBXNativeTarget "DoggoTests" */;
			buildPhases = (
				254779AE29A915DB00443390 /* Sources */,
				254779AF29A915DB00443390 /* Frameworks */,
				254779B029A915DB00443390 /* Resources */,
			);
			buildRules = (
			);
			dependencies = (
				254779B429A915DB00443390 /* PBXTargetDependency */,
			);
			name = DoggoTests;
			productName = DoggoTests;
			productReference = 254779B229A915DB00443390 /* DoggoTests.xctest */;
			productType = "com.apple.product-type.bundle.unit-test";
		};
		254779BB29A915DB00443390 /* DoggoUITests */ = {
			isa = PBXNativeTarget;
			buildConfigurationList = 254779CC29A915DB00443390 /* Build configuration list for PBXNativeTarget "DoggoUITests" */;
			buildPhases = (
				254779B829A915DB00443390 /* Sources */,
				254779B929A915DB00443390 /* Frameworks */,
				254779BA29A915DB00443390 /* Resources */,
			);
			buildRules = (
			);
			dependencies = (
				254779BE29A915DB00443390 /* PBXTargetDependency */,
			);
			name = DoggoUITests;
			productName = DoggoUITests;
			productReference = 254779BC29A915DB00443390 /* DoggoUITests.xctest */;
			productType = "com.apple.product-type.bundle.ui-testing";
		};
/* End PBXNativeTarget section */

/* Begin PBXProject section */
		2547799429A915D700443390 /* Project object */ = {
			isa = PBXProject;
			attributes = {
				BuildIndependentTargetsInParallel = 1;
				LastSwiftUpdateCheck = 1340;
				LastUpgradeCheck = 1340;
				TargetAttributes = {
					2547799B29A915D700443390 = {
						CreatedOnToolsVersion = 13.4.1;
					};
					254779B129A915DB00443390 = {
						CreatedOnToolsVersion = 13.4.1;
						TestTargetID = 2547799B29A915D700443390;
					};
					254779BB29A915DB00443390 = {
						CreatedOnToolsVersion = 13.4.1;
						TestTargetID = 2547799B29A915D700443390;
					};
				};
			};
			buildConfigurationList = 2547799729A915D700443390 /* Build configuration list for PBXProject "Doggo" */;
			compatibilityVersion = "Xcode 13.0";
			developmentRegion = en;
			hasScannedForEncodings = 0;
			knownRegions = (
				en,
				Base,
			);
			mainGroup = 2547799329A915D700443390;
			productRefGroup = 2547799D29A915D700443390 /* Products */;
			projectDirPath = "";
			projectRoot = "";
			targets = (
				2547799B29A915D700443390 /* Doggo */,
				254779B129A915DB00443390 /* DoggoTests */,
				254779BB29A915DB00443390 /* DoggoUITests */,
			);
		};
/* End PBXProject section */

/* Begin PBXResourcesBuildPhase section */
		2547799A29A915D700443390 /* Resources */ = {
			isa = PBXResourcesBuildPhase;
			buildActionMask = 2147483647;
			files = (
				254779AC29A915DB00443390 /* LaunchScreen.storyboard in Resources */,
				254779A929A915DB00443390 /* Assets.xcassets in Resources */,
				254779A729A915D700443390 /* Main.storyboard in Resources */,
			);
			runOnlyForDeploymentPostprocessing = 0;
		};
		254779B029A915DB00443390 /* Resources */ = {
			isa = PBXResourcesBuildPhase;
			buildActionMask = 2147483647;
			files = (
			);
			runOnlyForDeploymentPostprocessing = 0;
		};
		254779BA29A915DB00443390 /* Resources */ = {
			isa = PBXResourcesBuildPhase;
			buildActionMask = 2147483647;
			files = (
			);
			runOnlyForDeploymentPostprocessing = 0;
		};
/* End PBXResourcesBuildPhase section */

/* Begin PBXSourcesBuildPhase section */
		2547799829A915D700443390 /* Sources */ = {
			isa = PBXSourcesBuildPhase;
			buildActionMask = 2147483647;
			files = (
				254779F629A9501D00443390 /* DoggoListCollectionCell.swift in Sources */,
				254779E629A91ECE00443390 /* Network.swift in Sources */,
				2568918129AB060A00CDA17A /* DoggoDetailsPresenter.swift in Sources */,
				2568917D29AB05F700CDA17A /* DoggoDetailsFactory.swift in Sources */,
				2568916B29AA82C000CDA17A /* DoggoSearchWorker.swift in Sources */,
				254779DE29A91A4400443390 /* HomeView.swift in Sources */,
				2568916329AA827900CDA17A /* DoggoSearchViewController.swift in Sources */,
				254779A429A915D700443390 /* ViewController.swift in Sources */,
				25477A0029A9715A00443390 /* DoggoListRouter.swift in Sources */,
				254779FE29A95B2300443390 /* DoggoListWorker.swift in Sources */,
				2568916729AA82A900CDA17A /* DoggoSearchPresenter.swift in Sources */,
				2568916529AA82A200CDA17A /* DoggoSearchInteractor.swift in Sources */,
				2568916F29AA86FC00CDA17A /* DoggoSearchModels.swift in Sources */,
				254779A029A915D700443390 /* AppDelegate.swift in Sources */,
				2568917129AA90CB00CDA17A /* DoggoSearchRouter.swift in Sources */,
				254779E829A91EF200443390 /* Constraints.swift in Sources */,
				254779EF29A94F0800443390 /* DoggoListFactory.swift in Sources */,
				2568917F29AB060200CDA17A /* DoggoDetailsInteractor.swift in Sources */,
				2568918329AB0B3D00CDA17A /* DoggoDetaisModel.swift in Sources */,
				254779DA29A91A1D00443390 /* HomeRouter.swift in Sources */,
				2568916929AA82B700CDA17A /* DoggoSearchFactory.swift in Sources */,
				2568917A29AB05D800CDA17A /* DoggoDetailsViewController.swift in Sources */,
				254779D229A916B900443390 /* HomeViewController.swift in Sources */,
				254779DC29A91A3000443390 /* HomeModel.swift in Sources */,
				254779D629A9175500443390 /* HomePresenter.swift in Sources */,
				254779FC29A95B1700443390 /* DoggoListPresenter.swift in Sources */,
				254779FA29A95B0D00443390 /* DoggoListInteractor.swift in Sources */,
				2568917829AAB8EE00CDA17A /* UIViewController+Extensions.swift in Sources */,
				2568917429AAAE3800CDA17A /* DoggoSearchTableViewCell.swift in Sources */,
				2568916D29AA84F600CDA17A /* UITableView+Extensions.swift in Sources */,
				2568917629AAB06B00CDA17A /* String+Extensions.swift in Sources */,
				254779D429A9174600443390 /* HomeInteractor.swift in Sources */,
				254779F829A9548900443390 /* DoggoListModel.swift in Sources */,
				254779D829A91A0A00443390 /* HomeFactory.swift in Sources */,
				254779F129A94F5800443390 /* DoggoListViewController.swift in Sources */,
			);
			runOnlyForDeploymentPostprocessing = 0;
		};
		254779AE29A915DB00443390 /* Sources */ = {
			isa = PBXSourcesBuildPhase;
			buildActionMask = 2147483647;
			files = (
				254779B729A915DB00443390 /* DoggoTests.swift in Sources */,
			);
			runOnlyForDeploymentPostprocessing = 0;
		};
		254779B829A915DB00443390 /* Sources */ = {
			isa = PBXSourcesBuildPhase;
			buildActionMask = 2147483647;
			files = (
				254779C129A915DB00443390 /* DoggoUITests.swift in Sources */,
				254779C329A915DB00443390 /* DoggoUITestsLaunchTests.swift in Sources */,
			);
			runOnlyForDeploymentPostprocessing = 0;
		};
/* End PBXSourcesBuildPhase section */

/* Begin PBXTargetDependency section */
		254779B429A915DB00443390 /* PBXTargetDependency */ = {
			isa = PBXTargetDependency;
			target = 2547799B29A915D700443390 /* Doggo */;
			targetProxy = 254779B329A915DB00443390 /* PBXContainerItemProxy */;
		};
		254779BE29A915DB00443390 /* PBXTargetDependency */ = {
			isa = PBXTargetDependency;
			target = 2547799B29A915D700443390 /* Doggo */;
			targetProxy = 254779BD29A915DB00443390 /* PBXContainerItemProxy */;
		};
/* End PBXTargetDependency section */

/* Begin PBXVariantGroup section */
		254779A529A915D700443390 /* Main.storyboard */ = {
			isa = PBXVariantGroup;
			children = (
				254779A629A915D700443390 /* Base */,
			);
			name = Main.storyboard;
			sourceTree = "<group>";
		};
		254779AA29A915DB00443390 /* LaunchScreen.storyboard */ = {
			isa = PBXVariantGroup;
			children = (
				254779AB29A915DB00443390 /* Base */,
			);
			name = LaunchScreen.storyboard;
			sourceTree = "<group>";
		};
/* End PBXVariantGroup section */

/* Begin XCBuildConfiguration section */
		254779C429A915DB00443390 /* Debug */ = {
			isa = XCBuildConfiguration;
			buildSettings = {
				ALWAYS_SEARCH_USER_PATHS = NO;
				CLANG_ANALYZER_NONNULL = YES;
				CLANG_ANALYZER_NUMBER_OBJECT_CONVERSION = YES_AGGRESSIVE;
				CLANG_CXX_LANGUAGE_STANDARD = "gnu++17";
				CLANG_ENABLE_MODULES = YES;
				CLANG_ENABLE_OBJC_ARC = YES;
				CLANG_ENABLE_OBJC_WEAK = YES;
				CLANG_WARN_BLOCK_CAPTURE_AUTORELEASING = YES;
				CLANG_WARN_BOOL_CONVERSION = YES;
				CLANG_WARN_COMMA = YES;
				CLANG_WARN_CONSTANT_CONVERSION = YES;
				CLANG_WARN_DEPRECATED_OBJC_IMPLEMENTATIONS = YES;
				CLANG_WARN_DIRECT_OBJC_ISA_USAGE = YES_ERROR;
				CLANG_WARN_DOCUMENTATION_COMMENTS = YES;
				CLANG_WARN_EMPTY_BODY = YES;
				CLANG_WARN_ENUM_CONVERSION = YES;
				CLANG_WARN_INFINITE_RECURSION = YES;
				CLANG_WARN_INT_CONVERSION = YES;
				CLANG_WARN_NON_LITERAL_NULL_CONVERSION = YES;
				CLANG_WARN_OBJC_IMPLICIT_RETAIN_SELF = YES;
				CLANG_WARN_OBJC_LITERAL_CONVERSION = YES;
				CLANG_WARN_OBJC_ROOT_CLASS = YES_ERROR;
				CLANG_WARN_QUOTED_INCLUDE_IN_FRAMEWORK_HEADER = YES;
				CLANG_WARN_RANGE_LOOP_ANALYSIS = YES;
				CLANG_WARN_STRICT_PROTOTYPES = YES;
				CLANG_WARN_SUSPICIOUS_MOVE = YES;
				CLANG_WARN_UNGUARDED_AVAILABILITY = YES_AGGRESSIVE;
				CLANG_WARN_UNREACHABLE_CODE = YES;
				CLANG_WARN__DUPLICATE_METHOD_MATCH = YES;
				COPY_PHASE_STRIP = NO;
				DEBUG_INFORMATION_FORMAT = dwarf;
				ENABLE_STRICT_OBJC_MSGSEND = YES;
				ENABLE_TESTABILITY = YES;
				GCC_C_LANGUAGE_STANDARD = gnu11;
				GCC_DYNAMIC_NO_PIC = NO;
				GCC_NO_COMMON_BLOCKS = YES;
				GCC_OPTIMIZATION_LEVEL = 0;
				GCC_PREPROCESSOR_DEFINITIONS = (
					"DEBUG=1",
					"$(inherited)",
				);
				GCC_WARN_64_TO_32_BIT_CONVERSION = YES;
				GCC_WARN_ABOUT_RETURN_TYPE = YES_ERROR;
				GCC_WARN_UNDECLARED_SELECTOR = YES;
				GCC_WARN_UNINITIALIZED_AUTOS = YES_AGGRESSIVE;
				GCC_WARN_UNUSED_FUNCTION = YES;
				GCC_WARN_UNUSED_VARIABLE = YES;
				IPHONEOS_DEPLOYMENT_TARGET = 15.5;
				MTL_ENABLE_DEBUG_INFO = INCLUDE_SOURCE;
				MTL_FAST_MATH = YES;
				ONLY_ACTIVE_ARCH = YES;
				SDKROOT = iphoneos;
				SWIFT_ACTIVE_COMPILATION_CONDITIONS = DEBUG;
				SWIFT_OPTIMIZATION_LEVEL = "-Onone";
			};
			name = Debug;
		};
		254779C529A915DB00443390 /* Release */ = {
			isa = XCBuildConfiguration;
			buildSettings = {
				ALWAYS_SEARCH_USER_PATHS = NO;
				CLANG_ANALYZER_NONNULL = YES;
				CLANG_ANALYZER_NUMBER_OBJECT_CONVERSION = YES_AGGRESSIVE;
				CLANG_CXX_LANGUAGE_STANDARD = "gnu++17";
				CLANG_ENABLE_MODULES = YES;
				CLANG_ENABLE_OBJC_ARC = YES;
				CLANG_ENABLE_OBJC_WEAK = YES;
				CLANG_WARN_BLOCK_CAPTURE_AUTORELEASING = YES;
				CLANG_WARN_BOOL_CONVERSION = YES;
				CLANG_WARN_COMMA = YES;
				CLANG_WARN_CONSTANT_CONVERSION = YES;
				CLANG_WARN_DEPRECATED_OBJC_IMPLEMENTATIONS = YES;
				CLANG_WARN_DIRECT_OBJC_ISA_USAGE = YES_ERROR;
				CLANG_WARN_DOCUMENTATION_COMMENTS = YES;
				CLANG_WARN_EMPTY_BODY = YES;
				CLANG_WARN_ENUM_CONVERSION = YES;
				CLANG_WARN_INFINITE_RECURSION = YES;
				CLANG_WARN_INT_CONVERSION = YES;
				CLANG_WARN_NON_LITERAL_NULL_CONVERSION = YES;
				CLANG_WARN_OBJC_IMPLICIT_RETAIN_SELF = YES;
				CLANG_WARN_OBJC_LITERAL_CONVERSION = YES;
				CLANG_WARN_OBJC_ROOT_CLASS = YES_ERROR;
				CLANG_WARN_QUOTED_INCLUDE_IN_FRAMEWORK_HEADER = YES;
				CLANG_WARN_RANGE_LOOP_ANALYSIS = YES;
				CLANG_WARN_STRICT_PROTOTYPES = YES;
				CLANG_WARN_SUSPICIOUS_MOVE = YES;
				CLANG_WARN_UNGUARDED_AVAILABILITY = YES_AGGRESSIVE;
				CLANG_WARN_UNREACHABLE_CODE = YES;
				CLANG_WARN__DUPLICATE_METHOD_MATCH = YES;
				COPY_PHASE_STRIP = NO;
				DEBUG_INFORMATION_FORMAT = "dwarf-with-dsym";
				ENABLE_NS_ASSERTIONS = NO;
				ENABLE_STRICT_OBJC_MSGSEND = YES;
				GCC_C_LANGUAGE_STANDARD = gnu11;
				GCC_NO_COMMON_BLOCKS = YES;
				GCC_WARN_64_TO_32_BIT_CONVERSION = YES;
				GCC_WARN_ABOUT_RETURN_TYPE = YES_ERROR;
				GCC_WARN_UNDECLARED_SELECTOR = YES;
				GCC_WARN_UNINITIALIZED_AUTOS = YES_AGGRESSIVE;
				GCC_WARN_UNUSED_FUNCTION = YES;
				GCC_WARN_UNUSED_VARIABLE = YES;
				IPHONEOS_DEPLOYMENT_TARGET = 15.5;
				MTL_ENABLE_DEBUG_INFO = NO;
				MTL_FAST_MATH = YES;
				SDKROOT = iphoneos;
				SWIFT_COMPILATION_MODE = wholemodule;
				SWIFT_OPTIMIZATION_LEVEL = "-O";
				VALIDATE_PRODUCT = YES;
			};
			name = Release;
		};
		254779C729A915DB00443390 /* Debug */ = {
			isa = XCBuildConfiguration;
			buildSettings = {
				ASSETCATALOG_COMPILER_APPICON_NAME = AppIcon;
				ASSETCATALOG_COMPILER_GLOBAL_ACCENT_COLOR_NAME = AccentColor;
				CODE_SIGN_IDENTITY = "Apple Development";
				CODE_SIGN_STYLE = Automatic;
				CURRENT_PROJECT_VERSION = 1;
				DEVELOPMENT_TEAM = QALTNZR5X2;
				GENERATE_INFOPLIST_FILE = YES;
				INFOPLIST_FILE = Doggo/Info.plist;
				INFOPLIST_KEY_UIApplicationSupportsIndirectInputEvents = YES;
				INFOPLIST_KEY_UILaunchStoryboardName = LaunchScreen;
				INFOPLIST_KEY_UIRequiredDeviceCapabilities = armv7;
				INFOPLIST_KEY_UISupportedInterfaceOrientations = "UIInterfaceOrientationPortrait UIInterfaceOrientationLandscapeLeft UIInterfaceOrientationLandscapeRight";
				INFOPLIST_KEY_UISupportedInterfaceOrientations_iPad = "UIInterfaceOrientationPortrait UIInterfaceOrientationPortraitUpsideDown UIInterfaceOrientationLandscapeLeft UIInterfaceOrientationLandscapeRight";
				INFOPLIST_KEY_UISupportedInterfaceOrientations_iPhone = "UIInterfaceOrientationPortrait UIInterfaceOrientationLandscapeLeft UIInterfaceOrientationLandscapeRight";
				LD_RUNPATH_SEARCH_PATHS = (
					"$(inherited)",
					"@executable_path/Frameworks",
				);
				MARKETING_VERSION = 1.0;
				PRODUCT_BUNDLE_IDENTIFIER = noidentifier.luizhenrique.Doggo;
				PRODUCT_NAME = "$(TARGET_NAME)";
				PROVISIONING_PROFILE_SPECIFIER = "";
				SWIFT_EMIT_LOC_STRINGS = YES;
				SWIFT_VERSION = 5.0;
				TARGETED_DEVICE_FAMILY = "1,2";
			};
			name = Debug;
		};
		254779C829A915DB00443390 /* Release */ = {
			isa = XCBuildConfiguration;
			buildSettings = {
				ASSETCATALOG_COMPILER_APPICON_NAME = AppIcon;
				ASSETCATALOG_COMPILER_GLOBAL_ACCENT_COLOR_NAME = AccentColor;
				CODE_SIGN_IDENTITY = "Apple Development";
				CODE_SIGN_STYLE = Automatic;
				CURRENT_PROJECT_VERSION = 1;
				DEVELOPMENT_TEAM = QALTNZR5X2;
				GENERATE_INFOPLIST_FILE = YES;
				INFOPLIST_FILE = Doggo/Info.plist;
				INFOPLIST_KEY_UIApplicationSupportsIndirectInputEvents = YES;
				INFOPLIST_KEY_UILaunchStoryboardName = LaunchScreen;
				INFOPLIST_KEY_UIRequiredDeviceCapabilities = armv7;
				INFOPLIST_KEY_UISupportedInterfaceOrientations = "UIInterfaceOrientationPortrait UIInterfaceOrientationLandscapeLeft UIInterfaceOrientationLandscapeRight";
				INFOPLIST_KEY_UISupportedInterfaceOrientations_iPad = "UIInterfaceOrientationPortrait UIInterfaceOrientationPortraitUpsideDown UIInterfaceOrientationLandscapeLeft UIInterfaceOrientationLandscapeRight";
				INFOPLIST_KEY_UISupportedInterfaceOrientations_iPhone = "UIInterfaceOrientationPortrait UIInterfaceOrientationLandscapeLeft UIInterfaceOrientationLandscapeRight";
				LD_RUNPATH_SEARCH_PATHS = (
					"$(inherited)",
					"@executable_path/Frameworks",
				);
				MARKETING_VERSION = 1.0;
				PRODUCT_BUNDLE_IDENTIFIER = noidentifier.luizhenrique.Doggo;
				PRODUCT_NAME = "$(TARGET_NAME)";
				PROVISIONING_PROFILE_SPECIFIER = "";
				SWIFT_EMIT_LOC_STRINGS = YES;
				SWIFT_VERSION = 5.0;
				TARGETED_DEVICE_FAMILY = "1,2";
			};
			name = Release;
		};
		254779CA29A915DB00443390 /* Debug */ = {
			isa = XCBuildConfiguration;
			buildSettings = {
				ALWAYS_EMBED_SWIFT_STANDARD_LIBRARIES = YES;
				BUNDLE_LOADER = "$(TEST_HOST)";
				CODE_SIGN_STYLE = Automatic;
				CURRENT_PROJECT_VERSION = 1;
				GENERATE_INFOPLIST_FILE = YES;
				IPHONEOS_DEPLOYMENT_TARGET = 15.5;
				MARKETING_VERSION = 1.0;
				PRODUCT_BUNDLE_IDENTIFIER = "no-identifier.luizhenrique.DoggoTests";
				PRODUCT_NAME = "$(TARGET_NAME)";
				SWIFT_EMIT_LOC_STRINGS = NO;
				SWIFT_VERSION = 5.0;
				TARGETED_DEVICE_FAMILY = "1,2";
				TEST_HOST = "$(BUILT_PRODUCTS_DIR)/Doggo.app/Doggo";
			};
			name = Debug;
		};
		254779CB29A915DB00443390 /* Release */ = {
			isa = XCBuildConfiguration;
			buildSettings = {
				ALWAYS_EMBED_SWIFT_STANDARD_LIBRARIES = YES;
				BUNDLE_LOADER = "$(TEST_HOST)";
				CODE_SIGN_STYLE = Automatic;
				CURRENT_PROJECT_VERSION = 1;
				GENERATE_INFOPLIST_FILE = YES;
				IPHONEOS_DEPLOYMENT_TARGET = 15.5;
				MARKETING_VERSION = 1.0;
				PRODUCT_BUNDLE_IDENTIFIER = "no-identifier.luizhenrique.DoggoTests";
				PRODUCT_NAME = "$(TARGET_NAME)";
				SWIFT_EMIT_LOC_STRINGS = NO;
				SWIFT_VERSION = 5.0;
				TARGETED_DEVICE_FAMILY = "1,2";
				TEST_HOST = "$(BUILT_PRODUCTS_DIR)/Doggo.app/Doggo";
			};
			name = Release;
		};
		254779CD29A915DB00443390 /* Debug */ = {
			isa = XCBuildConfiguration;
			buildSettings = {
				ALWAYS_EMBED_SWIFT_STANDARD_LIBRARIES = YES;
				CODE_SIGN_STYLE = Automatic;
				CURRENT_PROJECT_VERSION = 1;
				GENERATE_INFOPLIST_FILE = YES;
				MARKETING_VERSION = 1.0;
				PRODUCT_BUNDLE_IDENTIFIER = "no-identifier.luizhenrique.DoggoUITests";
				PRODUCT_NAME = "$(TARGET_NAME)";
				SWIFT_EMIT_LOC_STRINGS = NO;
				SWIFT_VERSION = 5.0;
				TARGETED_DEVICE_FAMILY = "1,2";
				TEST_TARGET_NAME = Doggo;
			};
			name = Debug;
		};
		254779CE29A915DB00443390 /* Release */ = {
			isa = XCBuildConfiguration;
			buildSettings = {
				ALWAYS_EMBED_SWIFT_STANDARD_LIBRARIES = YES;
				CODE_SIGN_STYLE = Automatic;
				CURRENT_PROJECT_VERSION = 1;
				GENERATE_INFOPLIST_FILE = YES;
				MARKETING_VERSION = 1.0;
				PRODUCT_BUNDLE_IDENTIFIER = "no-identifier.luizhenrique.DoggoUITests";
				PRODUCT_NAME = "$(TARGET_NAME)";
				SWIFT_EMIT_LOC_STRINGS = NO;
				SWIFT_VERSION = 5.0;
				TARGETED_DEVICE_FAMILY = "1,2";
				TEST_TARGET_NAME = Doggo;
			};
			name = Release;
		};
/* End XCBuildConfiguration section */

/* Begin XCConfigurationList section */
		2547799729A915D700443390 /* Build configuration list for PBXProject "Doggo" */ = {
			isa = XCConfigurationList;
			buildConfigurations = (
				254779C429A915DB00443390 /* Debug */,
				254779C529A915DB00443390 /* Release */,
			);
			defaultConfigurationIsVisible = 0;
			defaultConfigurationName = Release;
		};
		254779C629A915DB00443390 /* Build configuration list for PBXNativeTarget "Doggo" */ = {
			isa = XCConfigurationList;
			buildConfigurations = (
				254779C729A915DB00443390 /* Debug */,
				254779C829A915DB00443390 /* Release */,
			);
			defaultConfigurationIsVisible = 0;
			defaultConfigurationName = Release;
		};
		254779C929A915DB00443390 /* Build configuration list for PBXNativeTarget "DoggoTests" */ = {
			isa = XCConfigurationList;
			buildConfigurations = (
				254779CA29A915DB00443390 /* Debug */,
				254779CB29A915DB00443390 /* Release */,
			);
			defaultConfigurationIsVisible = 0;
			defaultConfigurationName = Release;
		};
		254779CC29A915DB00443390 /* Build configuration list for PBXNativeTarget "DoggoUITests" */ = {
			isa = XCConfigurationList;
			buildConfigurations = (
				254779CD29A915DB00443390 /* Debug */,
				254779CE29A915DB00443390 /* Release */,
			);
			defaultConfigurationIsVisible = 0;
			defaultConfigurationName = Release;
		};
/* End XCConfigurationList section */
	};
	rootObject = 2547799429A915D700443390 /* Project object */;
}
